// !$*UTF8*$!
{
	archiveVersion = 1;
	classes = {
	};
	objectVersion = 50;
	objects = {

/* Begin PBXBuildFile section */
		53D533A8230EA883009FBB47 /* AppDelegate.swift in Sources */ = {isa = PBXBuildFile; fileRef = 53D533A7230EA883009FBB47 /* AppDelegate.swift */; };
		53D533AA230EA883009FBB47 /* SearchViewController.swift in Sources */ = {isa = PBXBuildFile; fileRef = 53D533A9230EA883009FBB47 /* SearchViewController.swift */; };
		53D533AD230EA883009FBB47 /* Main.storyboard in Resources */ = {isa = PBXBuildFile; fileRef = 53D533AB230EA883009FBB47 /* Main.storyboard */; };
		53D533AF230EA884009FBB47 /* Assets.xcassets in Resources */ = {isa = PBXBuildFile; fileRef = 53D533AE230EA884009FBB47 /* Assets.xcassets */; };
		53D533BA230EAD09009FBB47 /* SearchResult.swift in Sources */ = {isa = PBXBuildFile; fileRef = 53D533B9230EAD09009FBB47 /* SearchResult.swift */; };
		53D533BC230ED939009FBB47 /* SearchResultCell.xib in Resources */ = {isa = PBXBuildFile; fileRef = 53D533BB230ED939009FBB47 /* SearchResultCell.xib */; };
		53D533BE230EDBA2009FBB47 /* SearchResultCell.swift in Sources */ = {isa = PBXBuildFile; fileRef = 53D533BD230EDBA2009FBB47 /* SearchResultCell.swift */; };
		53D533C0230EDEE6009FBB47 /* NothingFoundCell.xib in Resources */ = {isa = PBXBuildFile; fileRef = 53D533BF230EDEE6009FBB47 /* NothingFoundCell.xib */; };
		53D533C223100944009FBB47 /* LoadingCell.xib in Resources */ = {isa = PBXBuildFile; fileRef = 53D533C123100944009FBB47 /* LoadingCell.xib */; };
/* End PBXBuildFile section */

/* Begin PBXFileReference section */
		53D533A4230EA883009FBB47 /* TrackerApp.app */ = {isa = PBXFileReference; explicitFileType = wrapper.application; includeInIndex = 0; path = TrackerApp.app; sourceTree = BUILT_PRODUCTS_DIR; };
		53D533A7230EA883009FBB47 /* AppDelegate.swift */ = {isa = PBXFileReference; lastKnownFileType = sourcecode.swift; path = AppDelegate.swift; sourceTree = "<group>"; };
		53D533A9230EA883009FBB47 /* SearchViewController.swift */ = {isa = PBXFileReference; lastKnownFileType = sourcecode.swift; path = SearchViewController.swift; sourceTree = "<group>"; };
		53D533AC230EA883009FBB47 /* Base */ = {isa = PBXFileReference; lastKnownFileType = file.storyboard; name = Base; path = Base.lproj/Main.storyboard; sourceTree = "<group>"; };
		53D533AE230EA884009FBB47 /* Assets.xcassets */ = {isa = PBXFileReference; lastKnownFileType = folder.assetcatalog; path = Assets.xcassets; sourceTree = "<group>"; };
		53D533B3230EA884009FBB47 /* Info.plist */ = {isa = PBXFileReference; lastKnownFileType = text.plist.xml; path = Info.plist; sourceTree = "<group>"; };
		53D533B9230EAD09009FBB47 /* SearchResult.swift */ = {isa = PBXFileReference; lastKnownFileType = sourcecode.swift; path = SearchResult.swift; sourceTree = "<group>"; };
		53D533BB230ED939009FBB47 /* SearchResultCell.xib */ = {isa = PBXFileReference; lastKnownFileType = file.xib; path = SearchResultCell.xib; sourceTree = "<group>"; };
		53D533BD230EDBA2009FBB47 /* SearchResultCell.swift */ = {isa = PBXFileReference; lastKnownFileType = sourcecode.swift; path = SearchResultCell.swift; sourceTree = "<group>"; };
		53D533BF230EDEE6009FBB47 /* NothingFoundCell.xib */ = {isa = PBXFileReference; lastKnownFileType = file.xib; path = NothingFoundCell.xib; sourceTree = "<group>"; };
		53D533C123100944009FBB47 /* LoadingCell.xib */ = {isa = PBXFileReference; lastKnownFileType = file.xib; path = LoadingCell.xib; sourceTree = "<group>"; };
/* End PBXFileReference section */

/* Begin PBXFrameworksBuildPhase section */
		53D533A1230EA883009FBB47 /* Frameworks */ = {
			isa = PBXFrameworksBuildPhase;
			buildActionMask = 2147483647;
			files = (
			);
			runOnlyForDeploymentPostprocessing = 0;
		};
/* End PBXFrameworksBuildPhase section */

/* Begin PBXGroup section */
		53D5339B230EA883009FBB47 = {
			isa = PBXGroup;
			children = (
				53D533A6230EA883009FBB47 /* TrackerApp */,
				53D533A5230EA883009FBB47 /* Products */,
			);
			sourceTree = "<group>";
		};
		53D533A5230EA883009FBB47 /* Products */ = {
			isa = PBXGroup;
			children = (
				53D533A4230EA883009FBB47 /* TrackerApp.app */,
			);
			name = Products;
			sourceTree = "<group>";
		};
		53D533A6230EA883009FBB47 /* TrackerApp */ = {
			isa = PBXGroup;
			children = (
				53D533A7230EA883009FBB47 /* AppDelegate.swift */,
				53D533A9230EA883009FBB47 /* SearchViewController.swift */,
				53D533B9230EAD09009FBB47 /* SearchResult.swift */,
				53D533BD230EDBA2009FBB47 /* SearchResultCell.swift */,
				53D533AB230EA883009FBB47 /* Main.storyboard */,
				53D533BB230ED939009FBB47 /* SearchResultCell.xib */,
				53D533AE230EA884009FBB47 /* Assets.xcassets */,
				53D533B3230EA884009FBB47 /* Info.plist */,
				53D533BF230EDEE6009FBB47 /* NothingFoundCell.xib */,
				53D533C123100944009FBB47 /* LoadingCell.xib */,
			);
			path = TrackerApp;
			sourceTree = "<group>";
		};
/* End PBXGroup section */

/* Begin PBXNativeTarget section */
		53D533A3230EA883009FBB47 /* TrackerApp */ = {
			isa = PBXNativeTarget;
			buildConfigurationList = 53D533B6230EA884009FBB47 /* Build configuration list for PBXNativeTarget "TrackerApp" */;
			buildPhases = (
				53D533A0230EA883009FBB47 /* Sources */,
				53D533A1230EA883009FBB47 /* Frameworks */,
				53D533A2230EA883009FBB47 /* Resources */,
			);
			buildRules = (
			);
			dependencies = (
			);
			name = TrackerApp;
			productName = TrackerApp;
			productReference = 53D533A4230EA883009FBB47 /* TrackerApp.app */;
			productType = "com.apple.product-type.application";
		};
/* End PBXNativeTarget section */

/* Begin PBXProject section */
		53D5339C230EA883009FBB47 /* Project object */ = {
			isa = PBXProject;
			attributes = {
				LastSwiftUpdateCheck = 1020;
				LastUpgradeCheck = 1020;
				ORGANIZATIONNAME = RafaelAB;
				TargetAttributes = {
					53D533A3230EA883009FBB47 = {
						CreatedOnToolsVersion = 10.2.1;
					};
				};
			};
			buildConfigurationList = 53D5339F230EA883009FBB47 /* Build configuration list for PBXProject "TrackerApp" */;
			compatibilityVersion = "Xcode 9.3";
			developmentRegion = en;
			hasScannedForEncodings = 0;
			knownRegions = (
				en,
				Base,
			);
			mainGroup = 53D5339B230EA883009FBB47;
			productRefGroup = 53D533A5230EA883009FBB47 /* Products */;
			projectDirPath = "";
			projectRoot = "";
			targets = (
				53D533A3230EA883009FBB47 /* TrackerApp */,
			);
		};
/* End PBXProject section */

/* Begin PBXResourcesBuildPhase section */
		53D533A2230EA883009FBB47 /* Resources */ = {
			isa = PBXResourcesBuildPhase;
			buildActionMask = 2147483647;
			files = (
				53D533AF230EA884009FBB47 /* Assets.xcassets in Resources */,
				53D533C223100944009FBB47 /* LoadingCell.xib in Resources */,
				53D533BC230ED939009FBB47 /* SearchResultCell.xib in Resources */,
				53D533C0230EDEE6009FBB47 /* NothingFoundCell.xib in Resources */,
				53D533AD230EA883009FBB47 /* Main.storyboard in Resources */,
			);
			runOnlyForDeploymentPostprocessing = 0;
		};
/* End PBXResourcesBuildPhase section */

/* Begin PBXSourcesBuildPhase section */
		53D533A0230EA883009FBB47 /* Sources */ = {
			isa = PBXSourcesBuildPhase;
			buildActionMask = 2147483647;
			files = (
				53D533AA230EA883009FBB47 /* SearchViewController.swift in Sources */,
				53D533BA230EAD09009FBB47 /* SearchResult.swift in Sources */,
				53D533BE230EDBA2009FBB47 /* SearchResultCell.swift in Sources */,
				53D533A8230EA883009FBB47 /* AppDelegate.swift in Sources */,
			);
			runOnlyForDeploymentPostprocessing = 0;
		};
/* End PBXSourcesBuildPhase section */

/* Begin PBXVariantGroup section */
		53D533AB230EA883009FBB47 /* Main.storyboard */ = {
			isa = PBXVariantGroup;
			children = (
				53D533AC230EA883009FBB47 /* Base */,
			);
			name = Main.storyboard;
			sourceTree = "<group>";
		};
/* End PBXVariantGroup section */

/* Begin XCBuildConfiguration section */
		53D533B4230EA884009FBB47 /* Debug */ = {
			isa = XCBuildConfiguration;
			buildSettings = {
				ALWAYS_SEARCH_USER_PATHS = NO;
				CLANG_ANALYZER_NONNULL = YES;
				CLANG_ANALYZER_NUMBER_OBJECT_CONVERSION = YES_AGGRESSIVE;
				CLANG_CXX_LANGUAGE_STANDARD = "gnu++14";
				CLANG_CXX_LIBRARY = "libc++";
				CLANG_ENABLE_MODULES = YES;
				CLANG_ENABLE_OBJC_ARC = YES;
				CLANG_ENABLE_OBJC_WEAK = YES;
				CLANG_WARN_BLOCK_CAPTURE_AUTORELEASING = YES;
				CLANG_WARN_BOOL_CONVERSION = YES;
				CLANG_WARN_COMMA = YES;
				CLANG_WARN_CONSTANT_CONVERSION = YES;
				CLANG_WARN_DEPRECATED_OBJC_IMPLEMENTATIONS = YES;
				CLANG_WARN_DIRECT_OBJC_ISA_USAGE = YES_ERROR;
				CLANG_WARN_DOCUMENTATION_COMMENTS = YES;
				CLANG_WARN_EMPTY_BODY = YES;
				CLANG_WARN_ENUM_CONVERSION = YES;
				CLANG_WARN_INFINITE_RECURSION = YES;
				CLANG_WARN_INT_CONVERSION = YES;
				CLANG_WARN_NON_LITERAL_NULL_CONVERSION = YES;
				CLANG_WARN_OBJC_IMPLICIT_RETAIN_SELF = YES;
				CLANG_WARN_OBJC_LITERAL_CONVERSION = YES;
				CLANG_WARN_OBJC_ROOT_CLASS = YES_ERROR;
				CLANG_WARN_RANGE_LOOP_ANALYSIS = YES;
				CLANG_WARN_STRICT_PROTOTYPES = YES;
				CLANG_WARN_SUSPICIOUS_MOVE = YES;
				CLANG_WARN_UNGUARDED_AVAILABILITY = YES_AGGRESSIVE;
				CLANG_WARN_UNREACHABLE_CODE = YES;
				CLANG_WARN__DUPLICATE_METHOD_MATCH = YES;
				CODE_SIGN_IDENTITY = "iPhone Developer";
				COPY_PHASE_STRIP = NO;
				DEBUG_INFORMATION_FORMAT = dwarf;
				ENABLE_STRICT_OBJC_MSGSEND = YES;
				ENABLE_TESTABILITY = YES;
				GCC_C_LANGUAGE_STANDARD = gnu11;
				GCC_DYNAMIC_NO_PIC = NO;
				GCC_NO_COMMON_BLOCKS = YES;
				GCC_OPTIMIZATION_LEVEL = 0;
				GCC_PREPROCESSOR_DEFINITIONS = (
					"DEBUG=1",
					"$(inherited)",
				);
				GCC_WARN_64_TO_32_BIT_CONVERSION = YES;
				GCC_WARN_ABOUT_RETURN_TYPE = YES_ERROR;
				GCC_WARN_UNDECLARED_SELECTOR = YES;
				GCC_WARN_UNINITIALIZED_AUTOS = YES_AGGRESSIVE;
				GCC_WARN_UNUSED_FUNCTION = YES;
				GCC_WARN_UNUSED_VARIABLE = YES;
				IPHONEOS_DEPLOYMENT_TARGET = 12.2;
				MTL_ENABLE_DEBUG_INFO = INCLUDE_SOURCE;
				MTL_FAST_MATH = YES;
				ONLY_ACTIVE_ARCH = YES;
				SDKROOT = iphoneos;
				SWIFT_ACTIVE_COMPILATION_CONDITIONS = DEBUG;
				SWIFT_OPTIMIZATION_LEVEL = "-Onone";
			};
			name = Debug;
		};
		53D533B5230EA884009FBB47 /* Release */ = {
			isa = XCBuildConfiguration;
			buildSettings = {
				ALWAYS_SEARCH_USER_PATHS = NO;
				CLANG_ANALYZER_NONNULL = YES;
				CLANG_ANALYZER_NUMBER_OBJECT_CONVERSION = YES_AGGRESSIVE;
				CLANG_CXX_LANGUAGE_STANDARD = "gnu++14";
				CLANG_CXX_LIBRARY = "libc++";
				CLANG_ENABLE_MODULES = YES;
				CLANG_ENABLE_OBJC_ARC = YES;
				CLANG_ENABLE_OBJC_WEAK = YES;
				CLANG_WARN_BLOCK_CAPTURE_AUTORELEASING = YES;
				CLANG_WARN_BOOL_CONVERSION = YES;
				CLANG_WARN_COMMA = YES;
				CLANG_WARN_CONSTANT_CONVERSION = YES;
				CLANG_WARN_DEPRECATED_OBJC_IMPLEMENTATIONS = YES;
				CLANG_WARN_DIRECT_OBJC_ISA_USAGE = YES_ERROR;
				CLANG_WARN_DOCUMENTATION_COMMENTS = YES;
				CLANG_WARN_EMPTY_BODY = YES;
				CLANG_WARN_ENUM_CONVERSION = YES;
				CLANG_WARN_INFINITE_RECURSION = YES;
				CLANG_WARN_INT_CONVERSION = YES;
				CLANG_WARN_NON_LITERAL_NULL_CONVERSION = YES;
				CLANG_WARN_OBJC_IMPLICIT_RETAIN_SELF = YES;
				CLANG_WARN_OBJC_LITERAL_CONVERSION = YES;
				CLANG_WARN_OBJC_ROOT_CLASS = YES_ERROR;
				CLANG_WARN_RANGE_LOOP_ANALYSIS = YES;
				CLANG_WARN_STRICT_PROTOTYPES = YES;
				CLANG_WARN_SUSPICIOUS_MOVE = YES;
				CLANG_WARN_UNGUARDED_AVAILABILITY = YES_AGGRESSIVE;
				CLANG_WARN_UNREACHABLE_CODE = YES;
				CLANG_WARN__DUPLICATE_METHOD_MATCH = YES;
				CODE_SIGN_IDENTITY = "iPhone Developer";
				COPY_PHASE_STRIP = NO;
				DEBUG_INFORMATION_FORMAT = "dwarf-with-dsym";
				ENABLE_NS_ASSERTIONS = NO;
				ENABLE_STRICT_OBJC_MSGSEND = YES;
				GCC_C_LANGUAGE_STANDARD = gnu11;
				GCC_NO_COMMON_BLOCKS = YES;
				GCC_WARN_64_TO_32_BIT_CONVERSION = YES;
				GCC_WARN_ABOUT_RETURN_TYPE = YES_ERROR;
				GCC_WARN_UNDECLARED_SELECTOR = YES;
				GCC_WARN_UNINITIALIZED_AUTOS = YES_AGGRESSIVE;
				GCC_WARN_UNUSED_FUNCTION = YES;
				GCC_WARN_UNUSED_VARIABLE = YES;
				IPHONEOS_DEPLOYMENT_TARGET = 12.2;
				MTL_ENABLE_DEBUG_INFO = NO;
				MTL_FAST_MATH = YES;
				SDKROOT = iphoneos;
				SWIFT_COMPILATION_MODE = wholemodule;
				SWIFT_OPTIMIZATION_LEVEL = "-O";
				VALIDATE_PRODUCT = YES;
			};
			name = Release;
		};
		53D533B7230EA884009FBB47 /* Debug */ = {
			isa = XCBuildConfiguration;
			buildSettings = {
				ASSETCATALOG_COMPILER_APPICON_NAME = AppIcon;
				CODE_SIGN_STYLE = Automatic;
				DEVELOPMENT_TEAM = 7EJKV8CGJ8;
				INFOPLIST_FILE = TrackerApp/Info.plist;
				LD_RUNPATH_SEARCH_PATHS = (
					"$(inherited)",
					"@executable_path/Frameworks",
				);
				PRODUCT_BUNDLE_IDENTIFIER = com.RafaelAsencio.TrackerApp;
				PRODUCT_NAME = "$(TARGET_NAME)";
				SWIFT_VERSION = 5.0;
				TARGETED_DEVICE_FAMILY = "1,2";
			};
			name = Debug;
		};
		53D533B8230EA884009FBB47 /* Release */ = {
			isa = XCBuildConfiguration;
			buildSettings = {
				ASSETCATALOG_COMPILER_APPICON_NAME = AppIcon;
				CODE_SIGN_STYLE = Automatic;
				DEVELOPMENT_TEAM = 7EJKV8CGJ8;
				INFOPLIST_FILE = TrackerApp/Info.plist;
				LD_RUNPATH_SEARCH_PATHS = (
					"$(inherited)",
					"@executable_path/Frameworks",
				);
				PRODUCT_BUNDLE_IDENTIFIER = com.RafaelAsencio.TrackerApp;
				PRODUCT_NAME = "$(TARGET_NAME)";
				SWIFT_VERSION = 5.0;
				TARGETED_DEVICE_FAMILY = "1,2";
			};
			name = Release;
		};
/* End XCBuildConfiguration section */

/* Begin XCConfigurationList section */
		53D5339F230EA883009FBB47 /* Build configuration list for PBXProject "TrackerApp" */ = {
			isa = XCConfigurationList;
			buildConfigurations = (
				53D533B4230EA884009FBB47 /* Debug */,
				53D533B5230EA884009FBB47 /* Release */,
			);
			defaultConfigurationIsVisible = 0;
			defaultConfigurationName = Release;
		};
		53D533B6230EA884009FBB47 /* Build configuration list for PBXNativeTarget "TrackerApp" */ = {
			isa = XCConfigurationList;
			buildConfigurations = (
				53D533B7230EA884009FBB47 /* Debug */,
				53D533B8230EA884009FBB47 /* Release */,
			);
			defaultConfigurationIsVisible = 0;
			defaultConfigurationName = Release;
		};
/* End XCConfigurationList section */
	};
	rootObject = 53D5339C230EA883009FBB47 /* Project object */;
}
